
Microsoft Visual Studio Solution File, Format Version 12.00
# Visual Studio 15
VisualStudioVersion = 15.0.27130.2020
MinimumVisualStudioVersion = 10.0.40219.1
Project("{FAE04EC0-301F-11D3-BF4B-00C04F79EFBC}") = "ContosoUniversity", "ContosoUniversity\ContosoUniversity.csproj", "{264E21D6-4024-4A53-B1BE-1CD42F3348FE}"
EndProject
Project("{2150E333-8FDC-42A3-9474-1A3956D46DE8}") = "Solution Items", "Solution Items", "{4840651E-F9B8-4E17-856E-A1F3BA450F5E}"
EndProject
Project("{FAE04EC0-301F-11D3-BF4B-00C04F79EFBC}") = "Contoso.Mathlib", "Contoso.Mathlib\Contoso.Mathlib.csproj", "{3DB12D80-2957-4D38-AED9-FCBF96029D5B}"
EndProject
Project("{FAE04EC0-301F-11D3-BF4B-00C04F79EFBC}") = "Contoso.Mathlib.Tests", "Contoso.Mathlib.Tests\Contoso.Mathlib.Tests.csproj", "{2B8CD5B6-C425-4DB7-A01F-C62F5EA9BA65}"
EndProject
Global
	GlobalSection(SolutionConfigurationPlatforms) = preSolution
		Debug|Any CPU = Debug|Any CPU
		Release|Any CPU = Release|Any CPU
	EndGlobalSection
	GlobalSection(ProjectConfigurationPlatforms) = postSolution
		{264E21D6-4024-4A53-B1BE-1CD42F3348FE}.Debug|Any CPU.ActiveCfg = Debug|Any CPU
		{264E21D6-4024-4A53-B1BE-1CD42F3348FE}.Debug|Any CPU.Build.0 = Debug|Any CPU
		{264E21D6-4024-4A53-B1BE-1CD42F3348FE}.Release|Any CPU.ActiveCfg = Release|Any CPU
		{264E21D6-4024-4A53-B1BE-1CD42F3348FE}.Release|Any CPU.Build.0 = Release|Any CPU
		{3DB12D80-2957-4D38-AED9-FCBF96029D5B}.Debug|Any CPU.ActiveCfg = Debug|Any CPU
		{3DB12D80-2957-4D38-AED9-FCBF96029D5B}.Debug|Any CPU.Build.0 = Debug|Any CPU
		{3DB12D80-2957-4D38-AED9-FCBF96029D5B}.Release|Any CPU.ActiveCfg = Release|Any CPU
		{3DB12D80-2957-4D38-AED9-FCBF96029D5B}.Release|Any CPU.Build.0 = Release|Any CPU
		{2B8CD5B6-C425-4DB7-A01F-C62F5EA9BA65}.Debug|Any CPU.ActiveCfg = Debug|Any CPU
		{2B8CD5B6-C425-4DB7-A01F-C62F5EA9BA65}.Debug|Any CPU.Build.0 = Debug|Any CPU
		{2B8CD5B6-C425-4DB7-A01F-C62F5EA9BA65}.Release|Any CPU.ActiveCfg = Release|Any CPU
		{2B8CD5B6-C425-4DB7-A01F-C62F5EA9BA65}.Release|Any CPU.Build.0 = Release|Any CPU
	EndGlobalSection
	GlobalSection(SolutionProperties) = preSolution
		HideSolutionNode = FALSE
	EndGlobalSection
	GlobalSection(ExtensibilityGlobals) = postSolution
		SolutionGuid = {5D7764C6-4C52-4C0D-A9E4-C7C887C0DDD3}
	EndGlobalSection
EndGlobal
